<?xml version="1.0" encoding="UTF-8"?>
<Scheme
   LastUpgradeVersion = "0510"
   version = "1.3">
   <BuildAction
      parallelizeBuildables = "YES"
      buildImplicitDependencies = "YES">
      <BuildActionEntries>
         <BuildActionEntry
            buildForTesting = "YES"
            buildForRunning = "YES"
            buildForProfiling = "YES"
            buildForArchiving = "YES"
            buildForAnalyzing = "YES">
            <BuildableReference
               BuildableIdentifier = "primary"
               BlueprintIdentifier = "054DB9F315E41CDC00751C7E"
               BuildableName = "Module Tester OSX.app"
               BlueprintName = "PaleoMCMC OSX"
               ReferencedContainer = "container:PaleoMCMC.xcodeproj">
            </BuildableReference>
         </BuildActionEntry>
      </BuildActionEntries>
   </BuildAction>
   <TestAction
      selectedDebuggerIdentifier = "Xcode.DebuggerFoundation.Debugger.LLDB"
      selectedLauncherIdentifier = "Xcode.DebuggerFoundation.Launcher.LLDB"
      shouldUseLaunchSchemeArgsEnv = "YES"
      buildConfiguration = "Imported CodeWarrior Settings">
      <Testables>
      </Testables>
      <MacroExpansion>
         <BuildableReference
            BuildableIdentifier = "primary"
            BlueprintIdentifier = "054DB9F315E41CDC00751C7E"
            BuildableName = "Module Tester OSX.app"
            BlueprintName = "PaleoMCMC OSX"
            ReferencedContainer = "container:PaleoMCMC.xcodeproj">
         </BuildableReference>
      </MacroExpansion>
   </TestAction>
   <LaunchAction
      selectedDebuggerIdentifier = "Xcode.DebuggerFoundation.Debugger.LLDB"
      selectedLauncherIdentifier = "Xcode.DebuggerFoundation.Launcher.LLDB"
      launchStyle = "0"
      useCustomWorkingDirectory = "NO"
      buildConfiguration = "Imported CodeWarrior Settings"
      ignoresPersistentStateOnLaunch = "NO"
      debugDocumentVersioning = "YES"
      allowLocationSimulation = "YES">
      <BuildableProductRunnable>
         <BuildableReference
            BuildableIdentifier = "primary"
            BlueprintIdentifier = "054DB9F315E41CDC00751C7E"
            BuildableName = "Module Tester OSX.app"
            BlueprintName = "PaleoMCMC OSX"
            ReferencedContainer = "container:PaleoMCMC.xcodeproj">
         </BuildableReference>
      </BuildableProductRunnable>
      <AdditionalOptions>
      </AdditionalOptions>
   </LaunchAction>
   <ProfileAction
      shouldUseLaunchSchemeArgsEnv = "YES"
      savedToolIdentifier = ""
      useCustomWorkingDirectory = "NO"
      buildConfiguration = "Imported CodeWarrior Settings"
      debugDocumentVersioning = "YES">
      <BuildableProductRunnable>
         <BuildableReference
            BuildableIdentifier = "primary"
            BlueprintIdentifier = "054DB9F315E41CDC00751C7E"
            BuildableName = "Module Tester OSX.app"
            BlueprintName = "PaleoMCMC OSX"
            ReferencedContainer = "container:PaleoMCMC.xcodeproj">
         </BuildableReference>
      </BuildableProductRunnable>
   </ProfileAction>
   <AnalyzeAction
      buildConfiguration = "Imported CodeWarrior Settings">
   </AnalyzeAction>
   <ArchiveAction
      buildConfiguration = "Imported CodeWarrior Settings"
      revealArchiveInOrganizer = "YES">
   </ArchiveAction>
</Scheme>
